
Microsoft Visual Studio Solution File, Format Version 12.00
# Visual Studio Version 16
VisualStudioVersion = 16.0.31424.327
MinimumVisualStudioVersion = 10.0.40219.1
Project("{FAE04EC0-301F-11D3-BF4B-00C04F79EFBC}") = "Site01", "Site01\Site01.csproj", "{C79EFFCE-D81A-4719-9D70-246E86AF548C}"
EndProject
Global
	GlobalSection(SolutionConfigurationPlatforms) = preSolution
		Debug|Any CPU = Debug|Any CPU
		Release|Any CPU = Release|Any CPU
	EndGlobalSection
	GlobalSection(ProjectConfigurationPlatforms) = postSolution
		{C79EFFCE-D81A-4719-9D70-246E86AF548C}.Debug|Any CPU.ActiveCfg = Debug|Any CPU
		{C79EFFCE-D81A-4719-9D70-246E86AF548C}.Debug|Any CPU.Build.0 = Debug|Any CPU
		{C79EFFCE-D81A-4719-9D70-246E86AF548C}.Release|Any CPU.ActiveCfg = Release|Any CPU
		{C79EFFCE-D81A-4719-9D70-246E86AF548C}.Release|Any CPU.Build.0 = Release|Any CPU
	EndGlobalSection
	GlobalSection(SolutionProperties) = preSolution
		HideSolutionNode = FALSE
	EndGlobalSection
	GlobalSection(ExtensibilityGlobals) = postSolution
		SolutionGuid = {CC12DF28-CDBE-40D4-9A2A-979EA78175B2}
	EndGlobalSection
EndGlobal
